
Microsoft Visual Studio Solution File, Format Version 12.00
# Visual Studio Version 17
VisualStudioVersion = 17.13.35913.81 d17.13
MinimumVisualStudioVersion = 10.0.40219.1
Project("{FAE04EC0-301F-11D3-BF4B-00C04F79EFBC}") = "Algoritmo6", "Algoritmo6\Algoritmo6.csproj", "{10BD6F6E-F92A-432C-AB84-B49EC6F2103E}"
EndProject
Global
	GlobalSection(SolutionConfigurationPlatforms) = preSolution
		Debug|Any CPU = Debug|Any CPU
		Release|Any CPU = Release|Any CPU
	EndGlobalSection
	GlobalSection(ProjectConfigurationPlatforms) = postSolution
		{10BD6F6E-F92A-432C-AB84-B49EC6F2103E}.Debug|Any CPU.ActiveCfg = Debug|Any CPU
		{10BD6F6E-F92A-432C-AB84-B49EC6F2103E}.Debug|Any CPU.Build.0 = Debug|Any CPU
		{10BD6F6E-F92A-432C-AB84-B49EC6F2103E}.Release|Any CPU.ActiveCfg = Release|Any CPU
		{10BD6F6E-F92A-432C-AB84-B49EC6F2103E}.Release|Any CPU.Build.0 = Release|Any CPU
	EndGlobalSection
	GlobalSection(SolutionProperties) = preSolution
		HideSolutionNode = FALSE
	EndGlobalSection
	GlobalSection(ExtensibilityGlobals) = postSolution
		SolutionGuid = {4385A26F-80DD-40C6-8910-F4C17CFF4FE8}
	EndGlobalSection
EndGlobal
